// !$*UTF8*$!
{
	archiveVersion = 1;
	classes = {
	};
	objectVersion = 46;
	objects = {

/* Begin PBXBuildFile section */
		4B729DC31BCEC95200D58031 /* AppDelegate.swift in Sources */ = {isa = PBXBuildFile; fileRef = 4B729DC21BCEC95200D58031 /* AppDelegate.swift */; };
		4B729DC61BCEC95200D58031 /* TestJenkins.xcdatamodeld in Sources */ = {isa = PBXBuildFile; fileRef = 4B729DC41BCEC95200D58031 /* TestJenkins.xcdatamodeld */; };
		4B729DC81BCEC95200D58031 /* ViewController.swift in Sources */ = {isa = PBXBuildFile; fileRef = 4B729DC71BCEC95200D58031 /* ViewController.swift */; };
		4B729DCB1BCEC95200D58031 /* Main.storyboard in Resources */ = {isa = PBXBuildFile; fileRef = 4B729DC91BCEC95200D58031 /* Main.storyboard */; };
		4B729DCD1BCEC95200D58031 /* Images.xcassets in Resources */ = {isa = PBXBuildFile; fileRef = 4B729DCC1BCEC95200D58031 /* Images.xcassets */; };
		4B729DD01BCEC95200D58031 /* LaunchScreen.xib in Resources */ = {isa = PBXBuildFile; fileRef = 4B729DCE1BCEC95200D58031 /* LaunchScreen.xib */; };
		4B729DDC1BCEC95200D58031 /* TestJenkinsTests.swift in Sources */ = {isa = PBXBuildFile; fileRef = 4B729DDB1BCEC95200D58031 /* TestJenkinsTests.swift */; };
/* End PBXBuildFile section */

/* Begin PBXContainerItemProxy section */
		4B729DD61BCEC95200D58031 /* PBXContainerItemProxy */ = {
			isa = PBXContainerItemProxy;
			containerPortal = 4B729DB51BCEC95100D58031 /* Project object */;
			proxyType = 1;
			remoteGlobalIDString = 4B729DBC1BCEC95200D58031;
			remoteInfo = TestJenkins;
		};
/* End PBXContainerItemProxy section */

/* Begin PBXFileReference section */
		4B729DBD1BCEC95200D58031 /* TestJenkins.app */ = {isa = PBXFileReference; explicitFileType = wrapper.application; includeInIndex = 0; path = TestJenkins.app; sourceTree = BUILT_PRODUCTS_DIR; };
		4B729DC11BCEC95200D58031 /* Info.plist */ = {isa = PBXFileReference; lastKnownFileType = text.plist.xml; path = Info.plist; sourceTree = "<group>"; };
		4B729DC21BCEC95200D58031 /* AppDelegate.swift */ = {isa = PBXFileReference; lastKnownFileType = sourcecode.swift; path = AppDelegate.swift; sourceTree = "<group>"; };
		4B729DC51BCEC95200D58031 /* TestJenkins.xcdatamodel */ = {isa = PBXFileReference; lastKnownFileType = wrapper.xcdatamodel; path = TestJenkins.xcdatamodel; sourceTree = "<group>"; };
		4B729DC71BCEC95200D58031 /* ViewController.swift */ = {isa = PBXFileReference; lastKnownFileType = sourcecode.swift; path = ViewController.swift; sourceTree = "<group>"; };
		4B729DCA1BCEC95200D58031 /* Base */ = {isa = PBXFileReference; lastKnownFileType = file.storyboard; name = Base; path = Base.lproj/Main.storyboard; sourceTree = "<group>"; };
		4B729DCC1BCEC95200D58031 /* Images.xcassets */ = {isa = PBXFileReference; lastKnownFileType = folder.assetcatalog; path = Images.xcassets; sourceTree = "<group>"; };
		4B729DCF1BCEC95200D58031 /* Base */ = {isa = PBXFileReference; lastKnownFileType = file.xib; name = Base; path = Base.lproj/LaunchScreen.xib; sourceTree = "<group>"; };
		4B729DD51BCEC95200D58031 /* TestJenkinsTests.xctest */ = {isa = PBXFileReference; explicitFileType = wrapper.cfbundle; includeInIndex = 0; path = TestJenkinsTests.xctest; sourceTree = BUILT_PRODUCTS_DIR; };
		4B729DDA1BCEC95200D58031 /* Info.plist */ = {isa = PBXFileReference; lastKnownFileType = text.plist.xml; path = Info.plist; sourceTree = "<group>"; };
		4B729DDB1BCEC95200D58031 /* TestJenkinsTests.swift */ = {isa = PBXFileReference; lastKnownFileType = sourcecode.swift; path = TestJenkinsTests.swift; sourceTree = "<group>"; };
/* End PBXFileReference section */

/* Begin PBXFrameworksBuildPhase section */
		4B729DBA1BCEC95200D58031 /* Frameworks */ = {
			isa = PBXFrameworksBuildPhase;
			buildActionMask = 2147483647;
			files = (
			);
			runOnlyForDeploymentPostprocessing = 0;
		};
		4B729DD21BCEC95200D58031 /* Frameworks */ = {
			isa = PBXFrameworksBuildPhase;
			buildActionMask = 2147483647;
			files = (
			);
			runOnlyForDeploymentPostprocessing = 0;
		};
/* End PBXFrameworksBuildPhase section */

/* Begin PBXGroup section */
		4B729DB41BCEC95100D58031 = {
			isa = PBXGroup;
			children = (
				4B729DBF1BCEC95200D58031 /* TestJenkins */,
				4B729DD81BCEC95200D58031 /* TestJenkinsTests */,
				4B729DBE1BCEC95200D58031 /* Products */,
			);
			sourceTree = "<group>";
		};
		4B729DBE1BCEC95200D58031 /* Products */ = {
			isa = PBXGroup;
			children = (
				4B729DBD1BCEC95200D58031 /* TestJenkins.app */,
				4B729DD51BCEC95200D58031 /* TestJenkinsTests.xctest */,
			);
			name = Products;
			sourceTree = "<group>";
		};
		4B729DBF1BCEC95200D58031 /* TestJenkins */ = {
			isa = PBXGroup;
			children = (
				4B729DC21BCEC95200D58031 /* AppDelegate.swift */,
				4B729DC71BCEC95200D58031 /* ViewController.swift */,
				4B729DC91BCEC95200D58031 /* Main.storyboard */,
				4B729DCC1BCEC95200D58031 /* Images.xcassets */,
				4B729DCE1BCEC95200D58031 /* LaunchScreen.xib */,
				4B729DC41BCEC95200D58031 /* TestJenkins.xcdatamodeld */,
				4B729DC01BCEC95200D58031 /* Supporting Files */,
			);
			path = TestJenkins;
			sourceTree = "<group>";
		};
		4B729DC01BCEC95200D58031 /* Supporting Files */ = {
			isa = PBXGroup;
			children = (
				4B729DC11BCEC95200D58031 /* Info.plist */,
			);
			name = "Supporting Files";
			sourceTree = "<group>";
		};
		4B729DD81BCEC95200D58031 /* TestJenkinsTests */ = {
			isa = PBXGroup;
			children = (
				4B729DDB1BCEC95200D58031 /* TestJenkinsTests.swift */,
				4B729DD91BCEC95200D58031 /* Supporting Files */,
			);
			path = TestJenkinsTests;
			sourceTree = "<group>";
		};
		4B729DD91BCEC95200D58031 /* Supporting Files */ = {
			isa = PBXGroup;
			children = (
				4B729DDA1BCEC95200D58031 /* Info.plist */,
			);
			name = "Supporting Files";
			sourceTree = "<group>";
		};
/* End PBXGroup section */

/* Begin PBXNativeTarget section */
		4B729DBC1BCEC95200D58031 /* TestJenkins */ = {
			isa = PBXNativeTarget;
			buildConfigurationList = 4B729DDF1BCEC95200D58031 /* Build configuration list for PBXNativeTarget "TestJenkins" */;
			buildPhases = (
				4B729DB91BCEC95200D58031 /* Sources */,
				4B729DBA1BCEC95200D58031 /* Frameworks */,
				4B729DBB1BCEC95200D58031 /* Resources */,
			);
			buildRules = (
			);
			dependencies = (
			);
			name = TestJenkins;
			productName = TestJenkins;
			productReference = 4B729DBD1BCEC95200D58031 /* TestJenkins.app */;
			productType = "com.apple.product-type.application";
		};
		4B729DD41BCEC95200D58031 /* TestJenkinsTests */ = {
			isa = PBXNativeTarget;
			buildConfigurationList = 4B729DE21BCEC95200D58031 /* Build configuration list for PBXNativeTarget "TestJenkinsTests" */;
			buildPhases = (
				4B729DD11BCEC95200D58031 /* Sources */,
				4B729DD21BCEC95200D58031 /* Frameworks */,
				4B729DD31BCEC95200D58031 /* Resources */,
			);
			buildRules = (
			);
			dependencies = (
				4B729DD71BCEC95200D58031 /* PBXTargetDependency */,
			);
			name = TestJenkinsTests;
			productName = TestJenkinsTests;
			productReference = 4B729DD51BCEC95200D58031 /* TestJenkinsTests.xctest */;
			productType = "com.apple.product-type.bundle.unit-test";
		};
/* End PBXNativeTarget section */

/* Begin PBXProject section */
		4B729DB51BCEC95100D58031 /* Project object */ = {
			isa = PBXProject;
			attributes = {
				LastUpgradeCheck = 0640;
				ORGANIZATIONNAME = "Universidade Positivo";
				TargetAttributes = {
					4B729DBC1BCEC95200D58031 = {
						CreatedOnToolsVersion = 6.4;
						DevelopmentTeam = REF68SATP6;
					};
					4B729DD41BCEC95200D58031 = {
						CreatedOnToolsVersion = 6.4;
						TestTargetID = 4B729DBC1BCEC95200D58031;
					};
				};
			};
			buildConfigurationList = 4B729DB81BCEC95200D58031 /* Build configuration list for PBXProject "TestJenkins" */;
			compatibilityVersion = "Xcode 3.2";
			developmentRegion = English;
			hasScannedForEncodings = 0;
			knownRegions = (
				en,
				Base,
			);
			mainGroup = 4B729DB41BCEC95100D58031;
			productRefGroup = 4B729DBE1BCEC95200D58031 /* Products */;
			projectDirPath = "";
			projectRoot = "";
			targets = (
				4B729DBC1BCEC95200D58031 /* TestJenkins */,
				4B729DD41BCEC95200D58031 /* TestJenkinsTests */,
			);
		};
/* End PBXProject section */

/* Begin PBXResourcesBuildPhase section */
		4B729DBB1BCEC95200D58031 /* Resources */ = {
			isa = PBXResourcesBuildPhase;
			buildActionMask = 2147483647;
			files = (
				4B729DCB1BCEC95200D58031 /* Main.storyboard in Resources */,
				4B729DD01BCEC95200D58031 /* LaunchScreen.xib in Resources */,
				4B729DCD1BCEC95200D58031 /* Images.xcassets in Resources */,
			);
			runOnlyForDeploymentPostprocessing = 0;
		};
		4B729DD31BCEC95200D58031 /* Resources */ = {
			isa = PBXResourcesBuildPhase;
			buildActionMask = 2147483647;
			files = (
			);
			runOnlyForDeploymentPostprocessing = 0;
		};
/* End PBXResourcesBuildPhase section */

/* Begin PBXSourcesBuildPhase section */
		4B729DB91BCEC95200D58031 /* Sources */ = {
			isa = PBXSourcesBuildPhase;
			buildActionMask = 2147483647;
			files = (
				4B729DC81BCEC95200D58031 /* ViewController.swift in Sources */,
				4B729DC61BCEC95200D58031 /* TestJenkins.xcdatamodeld in Sources */,
				4B729DC31BCEC95200D58031 /* AppDelegate.swift in Sources */,
			);
			runOnlyForDeploymentPostprocessing = 0;
		};
		4B729DD11BCEC95200D58031 /* Sources */ = {
			isa = PBXSourcesBuildPhase;
			buildActionMask = 2147483647;
			files = (
				4B729DDC1BCEC95200D58031 /* TestJenkinsTests.swift in Sources */,
			);
			runOnlyForDeploymentPostprocessing = 0;
		};
/* End PBXSourcesBuildPhase section */

/* Begin PBXTargetDependency section */
		4B729DD71BCEC95200D58031 /* PBXTargetDependency */ = {
			isa = PBXTargetDependency;
			target = 4B729DBC1BCEC95200D58031 /* TestJenkins */;
			targetProxy = 4B729DD61BCEC95200D58031 /* PBXContainerItemProxy */;
		};
/* End PBXTargetDependency section */

/* Begin PBXVariantGroup section */
		4B729DC91BCEC95200D58031 /* Main.storyboard */ = {
			isa = PBXVariantGroup;
			children = (
				4B729DCA1BCEC95200D58031 /* Base */,
			);
			name = Main.storyboard;
			sourceTree = "<group>";
		};
		4B729DCE1BCEC95200D58031 /* LaunchScreen.xib */ = {
			isa = PBXVariantGroup;
			children = (
				4B729DCF1BCEC95200D58031 /* Base */,
			);
			name = LaunchScreen.xib;
			sourceTree = "<group>";
		};
/* End PBXVariantGroup section */

/* Begin XCBuildConfiguration section */
		4B729DDD1BCEC95200D58031 /* Debug */ = {
			isa = XCBuildConfiguration;
			buildSettings = {
				ALWAYS_SEARCH_USER_PATHS = NO;
				CLANG_CXX_LANGUAGE_STANDARD = "gnu++0x";
				CLANG_CXX_LIBRARY = "libc++";
				CLANG_ENABLE_MODULES = YES;
				CLANG_ENABLE_OBJC_ARC = YES;
				CLANG_WARN_BOOL_CONVERSION = YES;
				CLANG_WARN_CONSTANT_CONVERSION = YES;
				CLANG_WARN_DIRECT_OBJC_ISA_USAGE = YES_ERROR;
				CLANG_WARN_EMPTY_BODY = YES;
				CLANG_WARN_ENUM_CONVERSION = YES;
				CLANG_WARN_INT_CONVERSION = YES;
				CLANG_WARN_OBJC_ROOT_CLASS = YES_ERROR;
				CLANG_WARN_UNREACHABLE_CODE = YES;
				CLANG_WARN__DUPLICATE_METHOD_MATCH = YES;
				"CODE_SIGN_IDENTITY[sdk=iphoneos*]" = "iPhone Developer";
				COPY_PHASE_STRIP = NO;
				DEBUG_INFORMATION_FORMAT = "dwarf-with-dsym";
				ENABLE_STRICT_OBJC_MSGSEND = YES;
				GCC_C_LANGUAGE_STANDARD = gnu99;
				GCC_DYNAMIC_NO_PIC = NO;
				GCC_NO_COMMON_BLOCKS = YES;
				GCC_OPTIMIZATION_LEVEL = 0;
				GCC_PREPROCESSOR_DEFINITIONS = (
					"DEBUG=1",
					"$(inherited)",
				);
				GCC_SYMBOLS_PRIVATE_EXTERN = NO;
				GCC_WARN_64_TO_32_BIT_CONVERSION = YES;
				GCC_WARN_ABOUT_RETURN_TYPE = YES_ERROR;
				GCC_WARN_UNDECLARED_SELECTOR = YES;
				GCC_WARN_UNINITIALIZED_AUTOS = YES_AGGRESSIVE;
				GCC_WARN_UNUSED_FUNCTION = YES;
				GCC_WARN_UNUSED_VARIABLE = YES;
				IPHONEOS_DEPLOYMENT_TARGET = 8.4;
				MTL_ENABLE_DEBUG_INFO = YES;
				ONLY_ACTIVE_ARCH = YES;
				SDKROOT = iphoneos;
				SWIFT_OPTIMIZATION_LEVEL = "-Onone";
			};
			name = Debug;
		};
		4B729DDE1BCEC95200D58031 /* Release */ = {
			isa = XCBuildConfiguration;
			buildSettings = {
				ALWAYS_SEARCH_USER_PATHS = NO;
				CLANG_CXX_LANGUAGE_STANDARD = "gnu++0x";
				CLANG_CXX_LIBRARY = "libc++";
				CLANG_ENABLE_MODULES = YES;
				CLANG_ENABLE_OBJC_ARC = YES;
				CLANG_WARN_BOOL_CONVERSION = YES;
				CLANG_WARN_CONSTANT_CONVERSION = YES;
				CLANG_WARN_DIRECT_OBJC_ISA_USAGE = YES_ERROR;
				CLANG_WARN_EMPTY_BODY = YES;
				CLANG_WARN_ENUM_CONVERSION = YES;
				CLANG_WARN_INT_CONVERSION = YES;
				CLANG_WARN_OBJC_ROOT_CLASS = YES_ERROR;
				CLANG_WARN_UNREACHABLE_CODE = YES;
				CLANG_WARN__DUPLICATE_METHOD_MATCH = YES;
				"CODE_SIGN_IDENTITY[sdk=iphoneos*]" = "iPhone Developer";
				COPY_PHASE_STRIP = NO;
				DEBUG_INFORMATION_FORMAT = "dwarf-with-dsym";
				ENABLE_NS_ASSERTIONS = NO;
				ENABLE_STRICT_OBJC_MSGSEND = YES;
				GCC_C_LANGUAGE_STANDARD = gnu99;
				GCC_NO_COMMON_BLOCKS = YES;
				GCC_WARN_64_TO_32_BIT_CONVERSION = YES;
				GCC_WARN_ABOUT_RETURN_TYPE = YES_ERROR;
				GCC_WARN_UNDECLARED_SELECTOR = YES;
				GCC_WARN_UNINITIALIZED_AUTOS = YES_AGGRESSIVE;
				GCC_WARN_UNUSED_FUNCTION = YES;
				GCC_WARN_UNUSED_VARIABLE = YES;
				IPHONEOS_DEPLOYMENT_TARGET = 8.4;
				MTL_ENABLE_DEBUG_INFO = NO;
				SDKROOT = iphoneos;
				VALIDATE_PRODUCT = YES;
			};
			name = Release;
		};
		4B729DE01BCEC95200D58031 /* Debug */ = {
			isa = XCBuildConfiguration;
			buildSettings = {
				ASSETCATALOG_COMPILER_APPICON_NAME = AppIcon;
				CODE_SIGN_IDENTITY = "iPhone Developer";
				INFOPLIST_FILE = TestJenkins/Info.plist;
				LD_RUNPATH_SEARCH_PATHS = "$(inherited) @executable_path/Frameworks";
				PRODUCT_NAME = "$(TARGET_NAME)";
				PROVISIONING_PROFILE = "f477fe0b-2266-4382-babc-70252f1f3001";
			};
			name = Debug;
		};
		4B729DE11BCEC95200D58031 /* Release */ = {
			isa = XCBuildConfiguration;
			buildSettings = {
				ASSETCATALOG_COMPILER_APPICON_NAME = AppIcon;
				CODE_SIGN_IDENTITY = "iPhone Distribution: CENTRO DE ESTUDOS SUPERIORES POSITIVO LTDA (REF68SATP6)";
				INFOPLIST_FILE = TestJenkins/Info.plist;
				LD_RUNPATH_SEARCH_PATHS = "$(inherited) @executable_path/Frameworks";
				PRODUCT_NAME = "$(TARGET_NAME)";
				PROVISIONING_PROFILE = "f477fe0b-2266-4382-babc-70252f1f3001";
			};
			name = Release;
		};
		4B729DE31BCEC95200D58031 /* Debug */ = {
			isa = XCBuildConfiguration;
			buildSettings = {
				BUNDLE_LOADER = "$(TEST_HOST)";
				FRAMEWORK_SEARCH_PATHS = (
					"$(SDKROOT)/Developer/Library/Frameworks",
					"$(inherited)",
				);
				GCC_PREPROCESSOR_DEFINITIONS = (
					"DEBUG=1",
					"$(inherited)",
				);
				INFOPLIST_FILE = TestJenkinsTests/Info.plist;
				LD_RUNPATH_SEARCH_PATHS = "$(inherited) @executable_path/Frameworks @loader_path/Frameworks";
				PRODUCT_NAME = "$(TARGET_NAME)";
				TEST_HOST = "$(BUILT_PRODUCTS_DIR)/TestJenkins.app/TestJenkins";
			};
			name = Debug;
		};
		4B729DE41BCEC95200D58031 /* Release */ = {
			isa = XCBuildConfiguration;
			buildSettings = {
				BUNDLE_LOADER = "$(TEST_HOST)";
				FRAMEWORK_SEARCH_PATHS = (
					"$(SDKROOT)/Developer/Library/Frameworks",
					"$(inherited)",
				);
				INFOPLIST_FILE = TestJenkinsTests/Info.plist;
				LD_RUNPATH_SEARCH_PATHS = "$(inherited) @executable_path/Frameworks @loader_path/Frameworks";
				PRODUCT_NAME = "$(TARGET_NAME)";
				TEST_HOST = "$(BUILT_PRODUCTS_DIR)/TestJenkins.app/TestJenkins";
			};
			name = Release;
		};
/* End XCBuildConfiguration section */

/* Begin XCConfigurationList section */
		4B729DB81BCEC95200D58031 /* Build configuration list for PBXProject "TestJenkins" */ = {
			isa = XCConfigurationList;
			buildConfigurations = (
				4B729DDD1BCEC95200D58031 /* Debug */,
				4B729DDE1BCEC95200D58031 /* Release */,
			);
			defaultConfigurationIsVisible = 0;
			defaultConfigurationName = Release;
		};
		4B729DDF1BCEC95200D58031 /* Build configuration list for PBXNativeTarget "TestJenkins" */ = {
			isa = XCConfigurationList;
			buildConfigurations = (
				4B729DE01BCEC95200D58031 /* Debug */,
				4B729DE11BCEC95200D58031 /* Release */,
			);
			defaultConfigurationIsVisible = 0;
			defaultConfigurationName = Release;
		};
		4B729DE21BCEC95200D58031 /* Build configuration list for PBXNativeTarget "TestJenkinsTests" */ = {
			isa = XCConfigurationList;
			buildConfigurations = (
				4B729DE31BCEC95200D58031 /* Debug */,
				4B729DE41BCEC95200D58031 /* Release */,
			);
			defaultConfigurationIsVisible = 0;
			defaultConfigurationName = Release;
		};
/* End XCConfigurationList section */

/* Begin XCVersionGroup section */
		4B729DC41BCEC95200D58031 /* TestJenkins.xcdatamodeld */ = {
			isa = XCVersionGroup;
			children = (
				4B729DC51BCEC95200D58031 /* TestJenkins.xcdatamodel */,
			);
			currentVersion = 4B729DC51BCEC95200D58031 /* TestJenkins.xcdatamodel */;
			path = TestJenkins.xcdatamodeld;
			sourceTree = "<group>";
			versionGroupType = wrapper.xcdatamodel;
		};
/* End XCVersionGroup section */
	};
	rootObject = 4B729DB51BCEC95100D58031 /* Project object */;
}
